
Microsoft Visual Studio Solution File, Format Version 12.00
# Visual Studio 15
VisualStudioVersion = 15.0.27428.2005
MinimumVisualStudioVersion = 10.0.40219.1
Project("{9A19103F-16F7-4668-BE54-9A1E7A4F7556}") = "FlammeCards", "FlammeCards.csproj", "{16EA466A-0CC4-4169-BAC3-E765E1F4991E}"
EndProject
Global
	GlobalSection(SolutionConfigurationPlatforms) = preSolution
		Debug|Any CPU = Debug|Any CPU
		Release|Any CPU = Release|Any CPU
	EndGlobalSection
	GlobalSection(ProjectConfigurationPlatforms) = postSolution
		{16EA466A-0CC4-4169-BAC3-E765E1F4991E}.Debug|Any CPU.ActiveCfg = Debug|Any CPU
		{16EA466A-0CC4-4169-BAC3-E765E1F4991E}.Debug|Any CPU.Build.0 = Debug|Any CPU
		{16EA466A-0CC4-4169-BAC3-E765E1F4991E}.Release|Any CPU.ActiveCfg = Release|Any CPU
		{16EA466A-0CC4-4169-BAC3-E765E1F4991E}.Release|Any CPU.Build.0 = Release|Any CPU
	EndGlobalSection
	GlobalSection(SolutionProperties) = preSolution
		HideSolutionNode = FALSE
	EndGlobalSection
	GlobalSection(ExtensibilityGlobals) = postSolution
		SolutionGuid = {96E26FD8-51EF-420C-97AA-7E9DA0EC974B}
	EndGlobalSection
EndGlobal
